<?xml version="1.0" encoding="utf-8"?>
<Project ToolsVersion="4.0" xmlns="http://schemas.microsoft.com/developer/msbuild/2003">
  <ItemGroup>
    <Filter Include="Gameplay">
      <UniqueIdentifier>{960b6e9d-ce87-4f51-97f1-2e293af9bfc3}</UniqueIdentifier>
    </Filter>
    <Filter Include="Document">
      <UniqueIdentifier>{8f6262e8-8950-43f3-a0f7-ee09a9ca5217}</UniqueIdentifier>
    </Filter>
    <Filter Include="Framework">
      <UniqueIdentifier>{4FC737F1-C7A5-4376-A066-2A32D752A2FF}</UniqueIdentifier>
      <Extensions>cpp;c;cc;cxx;c++;cppm;ixx;def;odl;idl;hpj;bat;asm;asmx</Extensions>
    </Filter>
    <Filter Include="Subsystem">
      <UniqueIdentifier>{85478523-02a9-4766-a951-1b9409ebf254}</UniqueIdentifier>
    </Filter>
    <Filter Include="Definition">
      <UniqueIdentifier>{6ae4710c-cd51-43d3-a2d2-391937fcfc53}</UniqueIdentifier>
    </Filter>
    <Filter Include="Stack">
      <UniqueIdentifier>{a474e0f1-8646-43cb-acdb-e2282a8d5fa9}</UniqueIdentifier>
    </Filter>
    <Filter Include="Subsystem\Widget">
      <UniqueIdentifier>{a1cbff55-b114-441d-a550-53d29f35af00}</UniqueIdentifier>
    </Filter>
  </ItemGroup>
  <ItemGroup>
    <None Include="..\..\Docs\README.md">
      <Filter>Document</Filter>
    </None>
  </ItemGroup>
  <ItemGroup>
    <ClCompile Include="Definition\ActorDefinition.cpp">
      <Filter>Definition</Filter>
    </ClCompile>
    <ClCompile Include="Definition\MapDefinition.cpp">
      <Filter>Definition</Filter>
    </ClCompile>
    <ClCompile Include="Definition\TileDefinition.cpp">
      <Filter>Definition</Filter>
    </ClCompile>
    <ClCompile Include="Definition\WeaponDefinition.cpp">
      <Filter>Definition</Filter>
    </ClCompile>
    <ClCompile Include="Framework\ActorHandle.cpp">
      <Filter>Framework</Filter>
    </ClCompile>
    <ClCompile Include="Framework\AIController.cpp">
      <Filter>Framework</Filter>
    </ClCompile>
    <ClCompile Include="Framework\Animation.cpp">
      <Filter>Framework</Filter>
    </ClCompile>
    <ClCompile Include="Framework\AnimationGroup.cpp">
      <Filter>Framework</Filter>
    </ClCompile>
    <ClCompile Include="Framework\App.cpp">
      <Filter>Framework</Filter>
    </ClCompile>
    <ClCompile Include="Framework\Controller.cpp">
      <Filter>Framework</Filter>
    </ClCompile>
    <ClCompile Include="Framework\GameCommon.cpp">
      <Filter>Framework</Filter>
    </ClCompile>
    <ClCompile Include="Framework\Main_Windows.cpp">
      <Filter>Framework</Filter>
    </ClCompile>
    <ClCompile Include="Framework\PlayerController.cpp">
      <Filter>Framework</Filter>
    </ClCompile>
    <ClCompile Include="Gameplay\Actor.cpp">
      <Filter>Gameplay</Filter>
    </ClCompile>
    <ClCompile Include="Gameplay\Game.cpp">
      <Filter>Gameplay</Filter>
    </ClCompile>
    <ClCompile Include="Gameplay\GameAttractState.cpp">
      <Filter>Gameplay</Filter>
    </ClCompile>
    <ClCompile Include="Gameplay\GameContext.cpp">
      <Filter>Gameplay</Filter>
    </ClCompile>
    <ClCompile Include="Gameplay\GameFactory.cpp">
      <Filter>Gameplay</Filter>
    </ClCompile>
    <ClCompile Include="Gameplay\GameMenuState.cpp">
      <Filter>Gameplay</Filter>
    </ClCompile>
    <ClCompile Include="Gameplay\GameStack.cpp">
      <Filter>Gameplay</Filter>
    </ClCompile>
    <ClCompile Include="Gameplay\HUD.cpp">
      <Filter>Gameplay</Filter>
    </ClCompile>
    <ClCompile Include="Gameplay\Map.cpp">
      <Filter>Gameplay</Filter>
    </ClCompile>
    <ClCompile Include="Gameplay\Sound.cpp">
      <Filter>Gameplay</Filter>
    </ClCompile>
    <ClCompile Include="Gameplay\Tile.cpp">
      <Filter>Gameplay</Filter>
    </ClCompile>
    <ClCompile Include="Gameplay\Weapon.cpp">
      <Filter>Gameplay</Filter>
    </ClCompile>
    <ClCompile Include="Stack\BaseContext.cpp">
      <Filter>Stack</Filter>
    </ClCompile>
    <ClCompile Include="Stack\BaseFactory.cpp">
      <Filter>Stack</Filter>
    </ClCompile>
    <ClCompile Include="Stack\BaseStack.cpp">
      <Filter>Stack</Filter>
    </ClCompile>
    <ClCompile Include="Stack\IState.cpp">
      <Filter>Stack</Filter>
    </ClCompile>
    <ClCompile Include="Subsystem\Widget\WidgetBase.cpp">
      <Filter>Subsystem\Widget</Filter>
    </ClCompile>
    <ClCompile Include="Subsystem\Widget\WidgetSubsystem.cpp">
      <Filter>Subsystem\Widget</Filter>
    </ClCompile>
    <ClCompile Include="Gameplay\GameGameState.cpp">
      <Filter>Gameplay</Filter>
    </ClCompile>
  </ItemGroup>
  <ItemGroup>
    <ClInclude Include="Definition\ActorDefinition.hpp">
      <Filter>Definition</Filter>
    </ClInclude>
    <ClInclude Include="Definition\MapDefinition.hpp">
      <Filter>Definition</Filter>
    </ClInclude>
    <ClInclude Include="Definition\TileDefinition.hpp">
      <Filter>Definition</Filter>
    </ClInclude>
    <ClInclude Include="Definition\WeaponDefinition.hpp">
      <Filter>Definition</Filter>
    </ClInclude>
    <ClInclude Include="Framework\ActorHandle.hpp">
      <Filter>Framework</Filter>
    </ClInclude>
    <ClInclude Include="Framework\AIController.hpp">
      <Filter>Framework</Filter>
    </ClInclude>
    <ClInclude Include="Framework\Animation.hpp">
      <Filter>Framework</Filter>
    </ClInclude>
    <ClInclude Include="Framework\AnimationGroup.hpp">
      <Filter>Framework</Filter>
    </ClInclude>
    <ClInclude Include="Framework\App.hpp">
      <Filter>Framework</Filter>
    </ClInclude>
    <ClInclude Include="Framework\Controller.hpp">
      <Filter>Framework</Filter>
    </ClInclude>
    <ClInclude Include="Framework\GameCommon.hpp">
      <Filter>Framework</Filter>
    </ClInclude>
    <ClInclude Include="Framework\PlayerController.hpp">
      <Filter>Framework</Filter>
    </ClInclude>
    <ClInclude Include="Gameplay\Actor.hpp">
      <Filter>Gameplay</Filter>
    </ClInclude>
    <ClInclude Include="Gameplay\Game.hpp">
      <Filter>Gameplay</Filter>
    </ClInclude>
    <ClInclude Include="Gameplay\GameAttractState.hpp">
      <Filter>Gameplay</Filter>
    </ClInclude>
    <ClInclude Include="Gameplay\GameContext.hpp">
      <Filter>Gameplay</Filter>
    </ClInclude>
    <ClInclude Include="Gameplay\GameFactory.hpp">
      <Filter>Gameplay</Filter>
    </ClInclude>
    <ClInclude Include="Gameplay\GameMenuState.hpp">
      <Filter>Gameplay</Filter>
    </ClInclude>
    <ClInclude Include="Gameplay\GameStack.hpp">
      <Filter>Gameplay</Filter>
    </ClInclude>
    <ClInclude Include="Gameplay\HUD.hpp">
      <Filter>Gameplay</Filter>
    </ClInclude>
    <ClInclude Include="Gameplay\Map.hpp">
      <Filter>Gameplay</Filter>
    </ClInclude>
    <ClInclude Include="Gameplay\Sound.hpp">
      <Filter>Gameplay</Filter>
    </ClInclude>
    <ClInclude Include="Gameplay\Tile.hpp">
      <Filter>Gameplay</Filter>
    </ClInclude>
    <ClInclude Include="Gameplay\Weapon.hpp">
      <Filter>Gameplay</Filter>
    </ClInclude>
    <ClInclude Include="Stack\BaseContext.hpp">
      <Filter>Stack</Filter>
    </ClInclude>
    <ClInclude Include="Stack\BaseFactory.hpp">
      <Filter>Stack</Filter>
    </ClInclude>
    <ClInclude Include="Stack\BaseStack.hpp">
      <Filter>Stack</Filter>
    </ClInclude>
    <ClInclude Include="Stack\IState.hpp">
      <Filter>Stack</Filter>
    </ClInclude>
    <ClInclude Include="Subsystem\Widget\WidgetBase.hpp">
      <Filter>Subsystem\Widget</Filter>
    </ClInclude>
    <ClInclude Include="Subsystem\Widget\WidgetSubsystem.hpp">
      <Filter>Subsystem\Widget</Filter>
    </ClInclude>
    <ClInclude Include="Gameplay\GameGameState.hpp">
      <Filter>Gameplay</Filter>
    </ClInclude>
  </ItemGroup>
</Project>